
Microsoft Visual Studio Solution File, Format Version 12.00
# Visual Studio 15
Project("{FAE04EC0-301F-11D3-BF4B-00C04F79EFBC}") = "Assembly-CSharp", "Assembly-CSharp.csproj", "{C901CBDB-7630-3019-25EA-B65A283DEE2F}"
EndProject
Project("{FAE04EC0-301F-11D3-BF4B-00C04F79EFBC}") = "Assembly-CSharp-Editor", "Assembly-CSharp-Editor.csproj", "{EAFE8AF6-06B3-FDEE-0B5C-C69ECCAAF3D2}"
EndProject
Global
	GlobalSection(SolutionConfigurationPlatforms) = preSolution
		Debug|Any CPU = Debug|Any CPU
		Release|Any CPU = Release|Any CPU
	EndGlobalSection
	GlobalSection(ProjectConfigurationPlatforms) = postSolution
		{C901CBDB-7630-3019-25EA-B65A283DEE2F}.Debug|Any CPU.ActiveCfg = Debug|Any CPU
		{C901CBDB-7630-3019-25EA-B65A283DEE2F}.Debug|Any CPU.Build.0 = Debug|Any CPU
		{C901CBDB-7630-3019-25EA-B65A283DEE2F}.Release|Any CPU.ActiveCfg = Release|Any CPU
		{C901CBDB-7630-3019-25EA-B65A283DEE2F}.Release|Any CPU.Build.0 = Release|Any CPU
		{EAFE8AF6-06B3-FDEE-0B5C-C69ECCAAF3D2}.Debug|Any CPU.ActiveCfg = Debug|Any CPU
		{EAFE8AF6-06B3-FDEE-0B5C-C69ECCAAF3D2}.Debug|Any CPU.Build.0 = Debug|Any CPU
		{EAFE8AF6-06B3-FDEE-0B5C-C69ECCAAF3D2}.Release|Any CPU.ActiveCfg = Release|Any CPU
		{EAFE8AF6-06B3-FDEE-0B5C-C69ECCAAF3D2}.Release|Any CPU.Build.0 = Release|Any CPU
	EndGlobalSection
	GlobalSection(SolutionProperties) = preSolution
		HideSolutionNode = FALSE
	EndGlobalSection
EndGlobal
